{
  "requires": true,
  "lockfileVersion": 1,
  "dependencies": {
    "swagger-ui-dist": {
      "version": "3.30.2",
      "resolved": "https://registry.npmjs.org/swagger-ui-dist/-/swagger-ui-dist-3.30.2.tgz",
      "integrity": "sha512-hAu/ig5N8i0trXXbrC7rwbXV4DhpEAsZhYXDs1305OjmDgjGC0thINbb0197idy3Pp+B6w7u426SUM43GAP7qw=="
    },
    "swagger-ui-express": {
      "version": "4.1.4",
      "resolved": "https://registry.npmjs.org/swagger-ui-express/-/swagger-ui-express-4.1.4.tgz",
      "integrity": "sha512-Ea96ecpC+Iq9GUqkeD/LFR32xSs8gYqmTW1gXCuKg81c26WV6ZC2FsBSPVExQP6WkyUuz5HEiR0sEv/HCC343g==",
      "requires": {
        "swagger-ui-dist": "3.30.2"
      }
    }
  }
}
